
Microsoft Visual Studio Solution File, Format Version 12.00
# Visual Studio 2015
Project("{FAE04EC0-301F-11D3-BF4B-00C04F79EFBC}") = "spatial-cs.CSharp.Plugins", "spatial-cs.CSharp.Plugins.csproj", "{55AC6204-6864-67D3-BE8D-60ACA3B728BB}"
EndProject
Project("{FAE04EC0-301F-11D3-BF4B-00C04F79EFBC}") = "spatial-cs.CSharp", "spatial-cs.CSharp.csproj", "{E6C7EF04-2D42-D626-7A9A-098729B00379}"
EndProject
Project("{FAE04EC0-301F-11D3-BF4B-00C04F79EFBC}") = "spatial-cs.CSharp.Editor", "spatial-cs.CSharp.Editor.csproj", "{7FFD6A43-3DD4-9BC7-43A3-79374020ADC5}"
EndProject
Global
	GlobalSection(SolutionConfigurationPlatforms) = preSolution
		Debug|Any CPU = Debug|Any CPU
		Release|Any CPU = Release|Any CPU
	EndGlobalSection
	GlobalSection(ProjectConfigurationPlatforms) = postSolution
		{55AC6204-6864-67D3-BE8D-60ACA3B728BB}.Debug|Any CPU.ActiveCfg = Debug|Any CPU
		{55AC6204-6864-67D3-BE8D-60ACA3B728BB}.Debug|Any CPU.Build.0 = Debug|Any CPU
		{55AC6204-6864-67D3-BE8D-60ACA3B728BB}.Release|Any CPU.ActiveCfg = Release|Any CPU
		{55AC6204-6864-67D3-BE8D-60ACA3B728BB}.Release|Any CPU.Build.0 = Release|Any CPU
		{E6C7EF04-2D42-D626-7A9A-098729B00379}.Debug|Any CPU.ActiveCfg = Debug|Any CPU
		{E6C7EF04-2D42-D626-7A9A-098729B00379}.Debug|Any CPU.Build.0 = Debug|Any CPU
		{E6C7EF04-2D42-D626-7A9A-098729B00379}.Release|Any CPU.ActiveCfg = Release|Any CPU
		{E6C7EF04-2D42-D626-7A9A-098729B00379}.Release|Any CPU.Build.0 = Release|Any CPU
		{7FFD6A43-3DD4-9BC7-43A3-79374020ADC5}.Debug|Any CPU.ActiveCfg = Debug|Any CPU
		{7FFD6A43-3DD4-9BC7-43A3-79374020ADC5}.Debug|Any CPU.Build.0 = Debug|Any CPU
		{7FFD6A43-3DD4-9BC7-43A3-79374020ADC5}.Release|Any CPU.ActiveCfg = Release|Any CPU
		{7FFD6A43-3DD4-9BC7-43A3-79374020ADC5}.Release|Any CPU.Build.0 = Release|Any CPU
	EndGlobalSection
	GlobalSection(SolutionProperties) = preSolution
		HideSolutionNode = FALSE
	EndGlobalSection
EndGlobal
